
Microsoft Visual Studio Solution File, Format Version 12.00
# Visual Studio 15
VisualStudioVersion = 15.0.28307.106
MinimumVisualStudioVersion = 10.0.40219.1
Project("{FAE04EC0-301F-11D3-BF4B-00C04F79EFBC}") = "RemuneracionesSSA", "RemuneracionesSSA\RemuneracionesSSA.csproj", "{B3B63DA1-FB39-455C-ACC9-8680056F3F40}"
EndProject
Project("{FAE04EC0-301F-11D3-BF4B-00C04F79EFBC}") = "CapaDatos", "CapaDatos\CapaDatos.csproj", "{E828E516-4F94-4CF7-B6A1-119A4A6F8E19}"
EndProject
Project("{FAE04EC0-301F-11D3-BF4B-00C04F79EFBC}") = "CapaEntidad", "CapaEntidad\CapaEntidad.csproj", "{BA48AF26-3177-47BD-A8B1-106A0516BBAC}"
EndProject
Project("{FAE04EC0-301F-11D3-BF4B-00C04F79EFBC}") = "CapaNegocio", "CapaNegocio\CapaNegocio.csproj", "{D8B8C2DC-EF1F-4B46-81CE-15243E0A7418}"
EndProject
Project("{2150E333-8FDC-42A3-9474-1A3956D46DE8}") = "BD", "BD", "{6DAA43AC-0173-4AF6-8166-B7572E9F663F}"
	ProjectSection(SolutionItems) = preProject
		scriptBD.cs = scriptBD.cs
	EndProjectSection
EndProject
Global
	GlobalSection(SolutionConfigurationPlatforms) = preSolution
		Debug|Any CPU = Debug|Any CPU
		Release|Any CPU = Release|Any CPU
	EndGlobalSection
	GlobalSection(ProjectConfigurationPlatforms) = postSolution
		{B3B63DA1-FB39-455C-ACC9-8680056F3F40}.Debug|Any CPU.ActiveCfg = Debug|Any CPU
		{B3B63DA1-FB39-455C-ACC9-8680056F3F40}.Debug|Any CPU.Build.0 = Debug|Any CPU
		{B3B63DA1-FB39-455C-ACC9-8680056F3F40}.Release|Any CPU.ActiveCfg = Release|Any CPU
		{B3B63DA1-FB39-455C-ACC9-8680056F3F40}.Release|Any CPU.Build.0 = Release|Any CPU
		{E828E516-4F94-4CF7-B6A1-119A4A6F8E19}.Debug|Any CPU.ActiveCfg = Debug|Any CPU
		{E828E516-4F94-4CF7-B6A1-119A4A6F8E19}.Debug|Any CPU.Build.0 = Debug|Any CPU
		{E828E516-4F94-4CF7-B6A1-119A4A6F8E19}.Release|Any CPU.ActiveCfg = Release|Any CPU
		{E828E516-4F94-4CF7-B6A1-119A4A6F8E19}.Release|Any CPU.Build.0 = Release|Any CPU
		{BA48AF26-3177-47BD-A8B1-106A0516BBAC}.Debug|Any CPU.ActiveCfg = Debug|Any CPU
		{BA48AF26-3177-47BD-A8B1-106A0516BBAC}.Debug|Any CPU.Build.0 = Debug|Any CPU
		{BA48AF26-3177-47BD-A8B1-106A0516BBAC}.Release|Any CPU.ActiveCfg = Release|Any CPU
		{BA48AF26-3177-47BD-A8B1-106A0516BBAC}.Release|Any CPU.Build.0 = Release|Any CPU
		{D8B8C2DC-EF1F-4B46-81CE-15243E0A7418}.Debug|Any CPU.ActiveCfg = Debug|Any CPU
		{D8B8C2DC-EF1F-4B46-81CE-15243E0A7418}.Debug|Any CPU.Build.0 = Debug|Any CPU
		{D8B8C2DC-EF1F-4B46-81CE-15243E0A7418}.Release|Any CPU.ActiveCfg = Release|Any CPU
		{D8B8C2DC-EF1F-4B46-81CE-15243E0A7418}.Release|Any CPU.Build.0 = Release|Any CPU
	EndGlobalSection
	GlobalSection(SolutionProperties) = preSolution
		HideSolutionNode = FALSE
	EndGlobalSection
	GlobalSection(ExtensibilityGlobals) = postSolution
		SolutionGuid = {AA8FEACD-93E8-4A8B-973F-4378F0D1F5DD}
	EndGlobalSection
EndGlobal
